
Microsoft Visual Studio Solution File, Format Version 12.00
# Visual Studio Version 17
VisualStudioVersion = 17.11.35303.130
MinimumVisualStudioVersion = 10.0.40219.1
Project("{FAE04EC0-301F-11D3-BF4B-00C04F79EFBC}") = "MuhamedovTour", "MuhamedovTour\MuhamedovTour.csproj", "{064B3C1F-F796-4097-9E63-7481AA78F177}"
EndProject
Global
	GlobalSection(SolutionConfigurationPlatforms) = preSolution
		Debug|Any CPU = Debug|Any CPU
		Release|Any CPU = Release|Any CPU
	EndGlobalSection
	GlobalSection(ProjectConfigurationPlatforms) = postSolution
		{064B3C1F-F796-4097-9E63-7481AA78F177}.Debug|Any CPU.ActiveCfg = Debug|Any CPU
		{064B3C1F-F796-4097-9E63-7481AA78F177}.Debug|Any CPU.Build.0 = Debug|Any CPU
		{064B3C1F-F796-4097-9E63-7481AA78F177}.Release|Any CPU.ActiveCfg = Release|Any CPU
		{064B3C1F-F796-4097-9E63-7481AA78F177}.Release|Any CPU.Build.0 = Release|Any CPU
	EndGlobalSection
	GlobalSection(SolutionProperties) = preSolution
		HideSolutionNode = FALSE
	EndGlobalSection
	GlobalSection(ExtensibilityGlobals) = postSolution
		SolutionGuid = {F5177F50-B69E-48D8-B091-CE1B0AC98724}
	EndGlobalSection
EndGlobal
